// !$*UTF8*$!
{
	archiveVersion = 1;
	classes = {
	};
	objectVersion = 46;
	objects = {

/* Begin PBXBuildFile section */
		1C95C08A1AA23CF300B59EEA /* AddFriendViewController.m in Sources */ = {isa = PBXBuildFile; fileRef = 1C95C0891AA23CF300B59EEA /* AddFriendViewController.m */; };
		1CE9B2831AA1743900160D0B /* main.m in Sources */ = {isa = PBXBuildFile; fileRef = 1CE9B2821AA1743900160D0B /* main.m */; };
		1CE9B2861AA1743900160D0B /* AppDelegate.m in Sources */ = {isa = PBXBuildFile; fileRef = 1CE9B2851AA1743900160D0B /* AppDelegate.m */; };
		1CE9B28C1AA1743900160D0B /* Main.storyboard in Resources */ = {isa = PBXBuildFile; fileRef = 1CE9B28A1AA1743900160D0B /* Main.storyboard */; };
		1CE9B28E1AA1743900160D0B /* Images.xcassets in Resources */ = {isa = PBXBuildFile; fileRef = 1CE9B28D1AA1743900160D0B /* Images.xcassets */; };
		1CE9B2911AA1743900160D0B /* LaunchScreen.xib in Resources */ = {isa = PBXBuildFile; fileRef = 1CE9B28F1AA1743900160D0B /* LaunchScreen.xib */; };
		1CE9B29D1AA1743900160D0B /* ND_Event_AppTests.m in Sources */ = {isa = PBXBuildFile; fileRef = 1CE9B29C1AA1743900160D0B /* ND_Event_AppTests.m */; };
		1CE9B2AA1AA1898400160D0B /* FriendsEventsTableViewController.m in Sources */ = {isa = PBXBuildFile; fileRef = 1CE9B2A91AA1898400160D0B /* FriendsEventsTableViewController.m */; };
		1CE9B2AC1AA195CE00160D0B /* User.m in Sources */ = {isa = PBXBuildFile; fileRef = 1CE9B2AB1AA195CE00160D0B /* User.m */; };
		1CE9B2AF1AA1A49000160D0B /* EventsViewController.m in Sources */ = {isa = PBXBuildFile; fileRef = 1CE9B2AE1AA1A49000160D0B /* EventsViewController.m */; };
		95F965011AA18B5C007D4CF8 /* Bolts.framework in Frameworks */ = {isa = PBXBuildFile; fileRef = 95F964FF1AA18B5C007D4CF8 /* Bolts.framework */; };
		95F965021AA18B5C007D4CF8 /* Parse.framework in Frameworks */ = {isa = PBXBuildFile; fileRef = 95F965001AA18B5C007D4CF8 /* Parse.framework */; };
		95F965051AA18B91007D4CF8 /* AudioToolbox.framework in Frameworks */ = {isa = PBXBuildFile; fileRef = 95F965041AA18B91007D4CF8 /* AudioToolbox.framework */; };
		95F965071AA18B9A007D4CF8 /* CFNetwork.framework in Frameworks */ = {isa = PBXBuildFile; fileRef = 95F965061AA18B9A007D4CF8 /* CFNetwork.framework */; };
		95F965091AA18BA5007D4CF8 /* CoreGraphics.framework in Frameworks */ = {isa = PBXBuildFile; fileRef = 95F965081AA18BA5007D4CF8 /* CoreGraphics.framework */; };
		95F9650B1AA18BAC007D4CF8 /* CoreLocation.framework in Frameworks */ = {isa = PBXBuildFile; fileRef = 95F9650A1AA18BAC007D4CF8 /* CoreLocation.framework */; };
		95F9650D1AA18BB4007D4CF8 /* MobileCoreServices.framework in Frameworks */ = {isa = PBXBuildFile; fileRef = 95F9650C1AA18BB4007D4CF8 /* MobileCoreServices.framework */; };
		95F9650F1AA18BBD007D4CF8 /* QuartzCore.framework in Frameworks */ = {isa = PBXBuildFile; fileRef = 95F9650E1AA18BBD007D4CF8 /* QuartzCore.framework */; };
		95F965111AA18BC6007D4CF8 /* Security.framework in Frameworks */ = {isa = PBXBuildFile; fileRef = 95F965101AA18BC6007D4CF8 /* Security.framework */; };
		95F965131AA18BD1007D4CF8 /* SystemConfiguration.framework in Frameworks */ = {isa = PBXBuildFile; fileRef = 95F965121AA18BD1007D4CF8 /* SystemConfiguration.framework */; };
		95F965151AA18BD9007D4CF8 /* libz.dylib in Frameworks */ = {isa = PBXBuildFile; fileRef = 95F965141AA18BD9007D4CF8 /* libz.dylib */; };
		95F965171AA18BE7007D4CF8 /* libsqlite3.dylib in Frameworks */ = {isa = PBXBuildFile; fileRef = 95F965161AA18BE7007D4CF8 /* libsqlite3.dylib */; };
		E940F0421AA1A50B00A7B245 /* MapKit.framework in Frameworks */ = {isa = PBXBuildFile; fileRef = E940F0411AA1A50B00A7B245 /* MapKit.framework */; };
		E98FAE1F1AA1800B00E119C4 /* FriendsListTableViewController.m in Sources */ = {isa = PBXBuildFile; fileRef = E98FAE1E1AA1800B00E119C4 /* FriendsListTableViewController.m */; };
		E98FAE221AA1807D00E119C4 /* MapViewController.m in Sources */ = {isa = PBXBuildFile; fileRef = E98FAE211AA1807D00E119C4 /* MapViewController.m */; };
		E98FAE251AA1808800E119C4 /* HostViewController.m in Sources */ = {isa = PBXBuildFile; fileRef = E98FAE241AA1808800E119C4 /* HostViewController.m */; };
		E98FAE281AA1809C00E119C4 /* AllEventsTableViewController.m in Sources */ = {isa = PBXBuildFile; fileRef = E98FAE271AA1809C00E119C4 /* AllEventsTableViewController.m */; };
		E9B347FE1AA1937900130A43 /* Event.m in Sources */ = {isa = PBXBuildFile; fileRef = E9B347FC1AA1898600130A43 /* Event.m */; };
/* End PBXBuildFile section */

/* Begin PBXContainerItemProxy section */
		1CE9B2971AA1743900160D0B /* PBXContainerItemProxy */ = {
			isa = PBXContainerItemProxy;
			containerPortal = 1CE9B2751AA1743800160D0B /* Project object */;
			proxyType = 1;
			remoteGlobalIDString = 1CE9B27C1AA1743800160D0B;
			remoteInfo = "ND Event App";
		};
/* End PBXContainerItemProxy section */

/* Begin PBXFileReference section */
		1C95C0881AA23CF300B59EEA /* AddFriendViewController.h */ = {isa = PBXFileReference; fileEncoding = 4; lastKnownFileType = sourcecode.c.h; path = AddFriendViewController.h; sourceTree = "<group>"; };
		1C95C0891AA23CF300B59EEA /* AddFriendViewController.m */ = {isa = PBXFileReference; fileEncoding = 4; lastKnownFileType = sourcecode.c.objc; path = AddFriendViewController.m; sourceTree = "<group>"; };
		1CE9B27D1AA1743900160D0B /* ND Event App.app */ = {isa = PBXFileReference; explicitFileType = wrapper.application; includeInIndex = 0; path = "ND Event App.app"; sourceTree = BUILT_PRODUCTS_DIR; };
		1CE9B2811AA1743900160D0B /* Info.plist */ = {isa = PBXFileReference; lastKnownFileType = text.plist.xml; path = Info.plist; sourceTree = "<group>"; };
		1CE9B2821AA1743900160D0B /* main.m */ = {isa = PBXFileReference; lastKnownFileType = sourcecode.c.objc; path = main.m; sourceTree = "<group>"; };
		1CE9B2841AA1743900160D0B /* AppDelegate.h */ = {isa = PBXFileReference; lastKnownFileType = sourcecode.c.h; path = AppDelegate.h; sourceTree = "<group>"; };
		1CE9B2851AA1743900160D0B /* AppDelegate.m */ = {isa = PBXFileReference; lastKnownFileType = sourcecode.c.objc; path = AppDelegate.m; sourceTree = "<group>"; };
		1CE9B28B1AA1743900160D0B /* Base */ = {isa = PBXFileReference; lastKnownFileType = file.storyboard; name = Base; path = Base.lproj/Main.storyboard; sourceTree = "<group>"; };
		1CE9B28D1AA1743900160D0B /* Images.xcassets */ = {isa = PBXFileReference; lastKnownFileType = folder.assetcatalog; path = Images.xcassets; sourceTree = "<group>"; };
		1CE9B2901AA1743900160D0B /* Base */ = {isa = PBXFileReference; lastKnownFileType = file.xib; name = Base; path = Base.lproj/LaunchScreen.xib; sourceTree = "<group>"; };
		1CE9B2961AA1743900160D0B /* ND Event AppTests.xctest */ = {isa = PBXFileReference; explicitFileType = wrapper.cfbundle; includeInIndex = 0; path = "ND Event AppTests.xctest"; sourceTree = BUILT_PRODUCTS_DIR; };
		1CE9B29B1AA1743900160D0B /* Info.plist */ = {isa = PBXFileReference; lastKnownFileType = text.plist.xml; path = Info.plist; sourceTree = "<group>"; };
		1CE9B29C1AA1743900160D0B /* ND_Event_AppTests.m */ = {isa = PBXFileReference; lastKnownFileType = sourcecode.c.objc; path = ND_Event_AppTests.m; sourceTree = "<group>"; };
		1CE9B2A61AA1828300160D0B /* User.h */ = {isa = PBXFileReference; lastKnownFileType = sourcecode.c.h; path = User.h; sourceTree = "<group>"; };
		1CE9B2A71AA1832E00160D0B /* Event.h */ = {isa = PBXFileReference; lastKnownFileType = sourcecode.c.h; path = Event.h; sourceTree = "<group>"; };
		1CE9B2A81AA1898400160D0B /* FriendsEventsTableViewController.h */ = {isa = PBXFileReference; fileEncoding = 4; lastKnownFileType = sourcecode.c.h; path = FriendsEventsTableViewController.h; sourceTree = "<group>"; };
		1CE9B2A91AA1898400160D0B /* FriendsEventsTableViewController.m */ = {isa = PBXFileReference; fileEncoding = 4; lastKnownFileType = sourcecode.c.objc; path = FriendsEventsTableViewController.m; sourceTree = "<group>"; };
		1CE9B2AB1AA195CE00160D0B /* User.m */ = {isa = PBXFileReference; fileEncoding = 4; lastKnownFileType = sourcecode.c.objc; path = User.m; sourceTree = "<group>"; };
		1CE9B2AD1AA1A49000160D0B /* EventsViewController.h */ = {isa = PBXFileReference; fileEncoding = 4; lastKnownFileType = sourcecode.c.h; path = EventsViewController.h; sourceTree = "<group>"; };
		1CE9B2AE1AA1A49000160D0B /* EventsViewController.m */ = {isa = PBXFileReference; fileEncoding = 4; lastKnownFileType = sourcecode.c.objc; path = EventsViewController.m; sourceTree = "<group>"; };
		95F964FF1AA18B5C007D4CF8 /* Bolts.framework */ = {isa = PBXFileReference; lastKnownFileType = wrapper.framework; path = Bolts.framework; sourceTree = "<group>"; };
		95F965001AA18B5C007D4CF8 /* Parse.framework */ = {isa = PBXFileReference; lastKnownFileType = wrapper.framework; path = Parse.framework; sourceTree = "<group>"; };
		95F965041AA18B91007D4CF8 /* AudioToolbox.framework */ = {isa = PBXFileReference; lastKnownFileType = wrapper.framework; name = AudioToolbox.framework; path = System/Library/Frameworks/AudioToolbox.framework; sourceTree = SDKROOT; };
		95F965061AA18B9A007D4CF8 /* CFNetwork.framework */ = {isa = PBXFileReference; lastKnownFileType = wrapper.framework; name = CFNetwork.framework; path = System/Library/Frameworks/CFNetwork.framework; sourceTree = SDKROOT; };
		95F965081AA18BA5007D4CF8 /* CoreGraphics.framework */ = {isa = PBXFileReference; lastKnownFileType = wrapper.framework; name = CoreGraphics.framework; path = System/Library/Frameworks/CoreGraphics.framework; sourceTree = SDKROOT; };
		95F9650A1AA18BAC007D4CF8 /* CoreLocation.framework */ = {isa = PBXFileReference; lastKnownFileType = wrapper.framework; name = CoreLocation.framework; path = System/Library/Frameworks/CoreLocation.framework; sourceTree = SDKROOT; };
		95F9650C1AA18BB4007D4CF8 /* MobileCoreServices.framework */ = {isa = PBXFileReference; lastKnownFileType = wrapper.framework; name = MobileCoreServices.framework; path = System/Library/Frameworks/MobileCoreServices.framework; sourceTree = SDKROOT; };
		95F9650E1AA18BBD007D4CF8 /* QuartzCore.framework */ = {isa = PBXFileReference; lastKnownFileType = wrapper.framework; name = QuartzCore.framework; path = System/Library/Frameworks/QuartzCore.framework; sourceTree = SDKROOT; };
		95F965101AA18BC6007D4CF8 /* Security.framework */ = {isa = PBXFileReference; lastKnownFileType = wrapper.framework; name = Security.framework; path = System/Library/Frameworks/Security.framework; sourceTree = SDKROOT; };
		95F965121AA18BD1007D4CF8 /* SystemConfiguration.framework */ = {isa = PBXFileReference; lastKnownFileType = wrapper.framework; name = SystemConfiguration.framework; path = System/Library/Frameworks/SystemConfiguration.framework; sourceTree = SDKROOT; };
		95F965141AA18BD9007D4CF8 /* libz.dylib */ = {isa = PBXFileReference; lastKnownFileType = "compiled.mach-o.dylib"; name = libz.dylib; path = usr/lib/libz.dylib; sourceTree = SDKROOT; };
		95F965161AA18BE7007D4CF8 /* libsqlite3.dylib */ = {isa = PBXFileReference; lastKnownFileType = "compiled.mach-o.dylib"; name = libsqlite3.dylib; path = usr/lib/libsqlite3.dylib; sourceTree = SDKROOT; };
		E940F0411AA1A50B00A7B245 /* MapKit.framework */ = {isa = PBXFileReference; lastKnownFileType = wrapper.framework; name = MapKit.framework; path = System/Library/Frameworks/MapKit.framework; sourceTree = SDKROOT; };
		E98FAE1D1AA1800B00E119C4 /* FriendsListTableViewController.h */ = {isa = PBXFileReference; fileEncoding = 4; lastKnownFileType = sourcecode.c.h; path = FriendsListTableViewController.h; sourceTree = "<group>"; };
		E98FAE1E1AA1800B00E119C4 /* FriendsListTableViewController.m */ = {isa = PBXFileReference; fileEncoding = 4; lastKnownFileType = sourcecode.c.objc; path = FriendsListTableViewController.m; sourceTree = "<group>"; };
		E98FAE201AA1807D00E119C4 /* MapViewController.h */ = {isa = PBXFileReference; fileEncoding = 4; lastKnownFileType = sourcecode.c.h; path = MapViewController.h; sourceTree = "<group>"; };
		E98FAE211AA1807D00E119C4 /* MapViewController.m */ = {isa = PBXFileReference; fileEncoding = 4; lastKnownFileType = sourcecode.c.objc; path = MapViewController.m; sourceTree = "<group>"; };
		E98FAE231AA1808800E119C4 /* HostViewController.h */ = {isa = PBXFileReference; fileEncoding = 4; lastKnownFileType = sourcecode.c.h; path = HostViewController.h; sourceTree = "<group>"; };
		E98FAE241AA1808800E119C4 /* HostViewController.m */ = {isa = PBXFileReference; fileEncoding = 4; lastKnownFileType = sourcecode.c.objc; path = HostViewController.m; sourceTree = "<group>"; };
		E98FAE261AA1809C00E119C4 /* AllEventsTableViewController.h */ = {isa = PBXFileReference; fileEncoding = 4; lastKnownFileType = sourcecode.c.h; path = AllEventsTableViewController.h; sourceTree = "<group>"; };
		E98FAE271AA1809C00E119C4 /* AllEventsTableViewController.m */ = {isa = PBXFileReference; fileEncoding = 4; lastKnownFileType = sourcecode.c.objc; path = AllEventsTableViewController.m; sourceTree = "<group>"; };
		E9B347FC1AA1898600130A43 /* Event.m */ = {isa = PBXFileReference; fileEncoding = 4; lastKnownFileType = sourcecode.c.objc; path = Event.m; sourceTree = "<group>"; };
/* End PBXFileReference section */

/* Begin PBXFrameworksBuildPhase section */
		1CE9B27A1AA1743800160D0B /* Frameworks */ = {
			isa = PBXFrameworksBuildPhase;
			buildActionMask = 2147483647;
			files = (
				E940F0421AA1A50B00A7B245 /* MapKit.framework in Frameworks */,
				95F965171AA18BE7007D4CF8 /* libsqlite3.dylib in Frameworks */,
				95F965151AA18BD9007D4CF8 /* libz.dylib in Frameworks */,
				95F965131AA18BD1007D4CF8 /* SystemConfiguration.framework in Frameworks */,
				95F965111AA18BC6007D4CF8 /* Security.framework in Frameworks */,
				95F9650F1AA18BBD007D4CF8 /* QuartzCore.framework in Frameworks */,
				95F9650D1AA18BB4007D4CF8 /* MobileCoreServices.framework in Frameworks */,
				95F9650B1AA18BAC007D4CF8 /* CoreLocation.framework in Frameworks */,
				95F965091AA18BA5007D4CF8 /* CoreGraphics.framework in Frameworks */,
				95F965071AA18B9A007D4CF8 /* CFNetwork.framework in Frameworks */,
				95F965051AA18B91007D4CF8 /* AudioToolbox.framework in Frameworks */,
				95F965021AA18B5C007D4CF8 /* Parse.framework in Frameworks */,
				95F965011AA18B5C007D4CF8 /* Bolts.framework in Frameworks */,
			);
			runOnlyForDeploymentPostprocessing = 0;
		};
		1CE9B2931AA1743900160D0B /* Frameworks */ = {
			isa = PBXFrameworksBuildPhase;
			buildActionMask = 2147483647;
			files = (
			);
			runOnlyForDeploymentPostprocessing = 0;
		};
/* End PBXFrameworksBuildPhase section */

/* Begin PBXGroup section */
		1CE9B2741AA1743800160D0B = {
			isa = PBXGroup;
			children = (
				95F965031AA18B64007D4CF8 /* Frameworks */,
				1CE9B27F1AA1743900160D0B /* ND Event App */,
				1CE9B2991AA1743900160D0B /* ND Event AppTests */,
				1CE9B27E1AA1743900160D0B /* Products */,
			);
			sourceTree = "<group>";
		};
		1CE9B27E1AA1743900160D0B /* Products */ = {
			isa = PBXGroup;
			children = (
				1CE9B27D1AA1743900160D0B /* ND Event App.app */,
				1CE9B2961AA1743900160D0B /* ND Event AppTests.xctest */,
			);
			name = Products;
			sourceTree = "<group>";
		};
		1CE9B27F1AA1743900160D0B /* ND Event App */ = {
			isa = PBXGroup;
			children = (
				1CE9B2841AA1743900160D0B /* AppDelegate.h */,
				1CE9B2851AA1743900160D0B /* AppDelegate.m */,
				1CE9B28A1AA1743900160D0B /* Main.storyboard */,
				1C95C0881AA23CF300B59EEA /* AddFriendViewController.h */,
				1C95C0891AA23CF300B59EEA /* AddFriendViewController.m */,
				1CE9B2AD1AA1A49000160D0B /* EventsViewController.h */,
				1CE9B2AE1AA1A49000160D0B /* EventsViewController.m */,
				1CE9B2A81AA1898400160D0B /* FriendsEventsTableViewController.h */,
				1CE9B2A91AA1898400160D0B /* FriendsEventsTableViewController.m */,
				E98FAE261AA1809C00E119C4 /* AllEventsTableViewController.h */,
				E98FAE271AA1809C00E119C4 /* AllEventsTableViewController.m */,
				E98FAE231AA1808800E119C4 /* HostViewController.h */,
				E98FAE241AA1808800E119C4 /* HostViewController.m */,
				E98FAE201AA1807D00E119C4 /* MapViewController.h */,
				E98FAE211AA1807D00E119C4 /* MapViewController.m */,
				E98FAE1D1AA1800B00E119C4 /* FriendsListTableViewController.h */,
				E98FAE1E1AA1800B00E119C4 /* FriendsListTableViewController.m */,
				1CE9B2A61AA1828300160D0B /* User.h */,
				1CE9B2AB1AA195CE00160D0B /* User.m */,
				1CE9B2A71AA1832E00160D0B /* Event.h */,
				E9B347FC1AA1898600130A43 /* Event.m */,
				1CE9B28D1AA1743900160D0B /* Images.xcassets */,
				1CE9B28F1AA1743900160D0B /* LaunchScreen.xib */,
				1CE9B2801AA1743900160D0B /* Supporting Files */,
			);
			path = "ND Event App";
			sourceTree = "<group>";
		};
		1CE9B2801AA1743900160D0B /* Supporting Files */ = {
			isa = PBXGroup;
			children = (
				1CE9B2811AA1743900160D0B /* Info.plist */,
				1CE9B2821AA1743900160D0B /* main.m */,
			);
			name = "Supporting Files";
			sourceTree = "<group>";
		};
		1CE9B2991AA1743900160D0B /* ND Event AppTests */ = {
			isa = PBXGroup;
			children = (
				1CE9B29C1AA1743900160D0B /* ND_Event_AppTests.m */,
				1CE9B29A1AA1743900160D0B /* Supporting Files */,
			);
			path = "ND Event AppTests";
			sourceTree = "<group>";
		};
		1CE9B29A1AA1743900160D0B /* Supporting Files */ = {
			isa = PBXGroup;
			children = (
				1CE9B29B1AA1743900160D0B /* Info.plist */,
			);
			name = "Supporting Files";
			sourceTree = "<group>";
		};
		95F965031AA18B64007D4CF8 /* Frameworks */ = {
			isa = PBXGroup;
			children = (
				E940F0411AA1A50B00A7B245 /* MapKit.framework */,
				95F965161AA18BE7007D4CF8 /* libsqlite3.dylib */,
				95F965141AA18BD9007D4CF8 /* libz.dylib */,
				95F965121AA18BD1007D4CF8 /* SystemConfiguration.framework */,
				95F965101AA18BC6007D4CF8 /* Security.framework */,
				95F9650E1AA18BBD007D4CF8 /* QuartzCore.framework */,
				95F9650C1AA18BB4007D4CF8 /* MobileCoreServices.framework */,
				95F9650A1AA18BAC007D4CF8 /* CoreLocation.framework */,
				95F965081AA18BA5007D4CF8 /* CoreGraphics.framework */,
				95F965061AA18B9A007D4CF8 /* CFNetwork.framework */,
				95F965041AA18B91007D4CF8 /* AudioToolbox.framework */,
				95F964FF1AA18B5C007D4CF8 /* Bolts.framework */,
				95F965001AA18B5C007D4CF8 /* Parse.framework */,
			);
			name = Frameworks;
			sourceTree = "<group>";
		};
/* End PBXGroup section */

/* Begin PBXNativeTarget section */
		1CE9B27C1AA1743800160D0B /* ND Event App */ = {
			isa = PBXNativeTarget;
			buildConfigurationList = 1CE9B2A01AA1743900160D0B /* Build configuration list for PBXNativeTarget "ND Event App" */;
			buildPhases = (
				1CE9B2791AA1743800160D0B /* Sources */,
				1CE9B27A1AA1743800160D0B /* Frameworks */,
				1CE9B27B1AA1743800160D0B /* Resources */,
			);
			buildRules = (
			);
			dependencies = (
			);
			name = "ND Event App";
			productName = "ND Event App";
			productReference = 1CE9B27D1AA1743900160D0B /* ND Event App.app */;
			productType = "com.apple.product-type.application";
		};
		1CE9B2951AA1743900160D0B /* ND Event AppTests */ = {
			isa = PBXNativeTarget;
			buildConfigurationList = 1CE9B2A31AA1743900160D0B /* Build configuration list for PBXNativeTarget "ND Event AppTests" */;
			buildPhases = (
				1CE9B2921AA1743900160D0B /* Sources */,
				1CE9B2931AA1743900160D0B /* Frameworks */,
				1CE9B2941AA1743900160D0B /* Resources */,
			);
			buildRules = (
			);
			dependencies = (
				1CE9B2981AA1743900160D0B /* PBXTargetDependency */,
			);
			name = "ND Event AppTests";
			productName = "ND Event AppTests";
			productReference = 1CE9B2961AA1743900160D0B /* ND Event AppTests.xctest */;
			productType = "com.apple.product-type.bundle.unit-test";
		};
/* End PBXNativeTarget section */

/* Begin PBXProject section */
		1CE9B2751AA1743800160D0B /* Project object */ = {
			isa = PBXProject;
			attributes = {
				LastUpgradeCheck = 0610;
				ORGANIZATIONNAME = MAC;
				TargetAttributes = {
					1CE9B27C1AA1743800160D0B = {
						CreatedOnToolsVersion = 6.1.1;
					};
					1CE9B2951AA1743900160D0B = {
						CreatedOnToolsVersion = 6.1.1;
						TestTargetID = 1CE9B27C1AA1743800160D0B;
					};
				};
			};
			buildConfigurationList = 1CE9B2781AA1743800160D0B /* Build configuration list for PBXProject "ND Event App" */;
			compatibilityVersion = "Xcode 3.2";
			developmentRegion = English;
			hasScannedForEncodings = 0;
			knownRegions = (
				en,
				Base,
			);
			mainGroup = 1CE9B2741AA1743800160D0B;
			productRefGroup = 1CE9B27E1AA1743900160D0B /* Products */;
			projectDirPath = "";
			projectRoot = "";
			targets = (
				1CE9B27C1AA1743800160D0B /* ND Event App */,
				1CE9B2951AA1743900160D0B /* ND Event AppTests */,
			);
		};
/* End PBXProject section */

/* Begin PBXResourcesBuildPhase section */
		1CE9B27B1AA1743800160D0B /* Resources */ = {
			isa = PBXResourcesBuildPhase;
			buildActionMask = 2147483647;
			files = (
				1CE9B28C1AA1743900160D0B /* Main.storyboard in Resources */,
				1CE9B2911AA1743900160D0B /* LaunchScreen.xib in Resources */,
				1CE9B28E1AA1743900160D0B /* Images.xcassets in Resources */,
			);
			runOnlyForDeploymentPostprocessing = 0;
		};
		1CE9B2941AA1743900160D0B /* Resources */ = {
			isa = PBXResourcesBuildPhase;
			buildActionMask = 2147483647;
			files = (
			);
			runOnlyForDeploymentPostprocessing = 0;
		};
/* End PBXResourcesBuildPhase section */

/* Begin PBXSourcesBuildPhase section */
		1CE9B2791AA1743800160D0B /* Sources */ = {
			isa = PBXSourcesBuildPhase;
			buildActionMask = 2147483647;
			files = (
				1CE9B2AC1AA195CE00160D0B /* User.m in Sources */,
				E9B347FE1AA1937900130A43 /* Event.m in Sources */,
				E98FAE251AA1808800E119C4 /* HostViewController.m in Sources */,
				1CE9B2861AA1743900160D0B /* AppDelegate.m in Sources */,
				E98FAE281AA1809C00E119C4 /* AllEventsTableViewController.m in Sources */,
				1C95C08A1AA23CF300B59EEA /* AddFriendViewController.m in Sources */,
				1CE9B2AA1AA1898400160D0B /* FriendsEventsTableViewController.m in Sources */,
				E98FAE221AA1807D00E119C4 /* MapViewController.m in Sources */,
				E98FAE1F1AA1800B00E119C4 /* FriendsListTableViewController.m in Sources */,
				1CE9B2831AA1743900160D0B /* main.m in Sources */,
				1CE9B2AF1AA1A49000160D0B /* EventsViewController.m in Sources */,
			);
			runOnlyForDeploymentPostprocessing = 0;
		};
		1CE9B2921AA1743900160D0B /* Sources */ = {
			isa = PBXSourcesBuildPhase;
			buildActionMask = 2147483647;
			files = (
				1CE9B29D1AA1743900160D0B /* ND_Event_AppTests.m in Sources */,
			);
			runOnlyForDeploymentPostprocessing = 0;
		};
/* End PBXSourcesBuildPhase section */

/* Begin PBXTargetDependency section */
		1CE9B2981AA1743900160D0B /* PBXTargetDependency */ = {
			isa = PBXTargetDependency;
			target = 1CE9B27C1AA1743800160D0B /* ND Event App */;
			targetProxy = 1CE9B2971AA1743900160D0B /* PBXContainerItemProxy */;
		};
/* End PBXTargetDependency section */

/* Begin PBXVariantGroup section */
		1CE9B28A1AA1743900160D0B /* Main.storyboard */ = {
			isa = PBXVariantGroup;
			children = (
				1CE9B28B1AA1743900160D0B /* Base */,
			);
			name = Main.storyboard;
			sourceTree = "<group>";
		};
		1CE9B28F1AA1743900160D0B /* LaunchScreen.xib */ = {
			isa = PBXVariantGroup;
			children = (
				1CE9B2901AA1743900160D0B /* Base */,
			);
			name = LaunchScreen.xib;
			sourceTree = "<group>";
		};
/* End PBXVariantGroup section */

/* Begin XCBuildConfiguration section */
		1CE9B29E1AA1743900160D0B /* Debug */ = {
			isa = XCBuildConfiguration;
			buildSettings = {
				ALWAYS_SEARCH_USER_PATHS = NO;
				CLANG_CXX_LANGUAGE_STANDARD = "gnu++0x";
				CLANG_CXX_LIBRARY = "libc++";
				CLANG_ENABLE_MODULES = YES;
				CLANG_ENABLE_OBJC_ARC = YES;
				CLANG_WARN_BOOL_CONVERSION = YES;
				CLANG_WARN_CONSTANT_CONVERSION = YES;
				CLANG_WARN_DIRECT_OBJC_ISA_USAGE = YES_ERROR;
				CLANG_WARN_EMPTY_BODY = YES;
				CLANG_WARN_ENUM_CONVERSION = YES;
				CLANG_WARN_INT_CONVERSION = YES;
				CLANG_WARN_OBJC_ROOT_CLASS = YES_ERROR;
				CLANG_WARN_UNREACHABLE_CODE = YES;
				CLANG_WARN__DUPLICATE_METHOD_MATCH = YES;
				"CODE_SIGN_IDENTITY[sdk=iphoneos*]" = "iPhone Developer";
				COPY_PHASE_STRIP = NO;
				ENABLE_STRICT_OBJC_MSGSEND = YES;
				GCC_C_LANGUAGE_STANDARD = gnu99;
				GCC_DYNAMIC_NO_PIC = NO;
				GCC_OPTIMIZATION_LEVEL = 0;
				GCC_PREPROCESSOR_DEFINITIONS = (
					"DEBUG=1",
					"$(inherited)",
				);
				GCC_SYMBOLS_PRIVATE_EXTERN = NO;
				GCC_WARN_64_TO_32_BIT_CONVERSION = YES;
				GCC_WARN_ABOUT_RETURN_TYPE = YES_ERROR;
				GCC_WARN_UNDECLARED_SELECTOR = YES;
				GCC_WARN_UNINITIALIZED_AUTOS = YES_AGGRESSIVE;
				GCC_WARN_UNUSED_FUNCTION = YES;
				GCC_WARN_UNUSED_VARIABLE = YES;
				IPHONEOS_DEPLOYMENT_TARGET = 8.1;
				MTL_ENABLE_DEBUG_INFO = YES;
				ONLY_ACTIVE_ARCH = YES;
				SDKROOT = iphoneos;
				TARGETED_DEVICE_FAMILY = "1,2";
			};
			name = Debug;
		};
		1CE9B29F1AA1743900160D0B /* Release */ = {
			isa = XCBuildConfiguration;
			buildSettings = {
				ALWAYS_SEARCH_USER_PATHS = NO;
				CLANG_CXX_LANGUAGE_STANDARD = "gnu++0x";
				CLANG_CXX_LIBRARY = "libc++";
				CLANG_ENABLE_MODULES = YES;
				CLANG_ENABLE_OBJC_ARC = YES;
				CLANG_WARN_BOOL_CONVERSION = YES;
				CLANG_WARN_CONSTANT_CONVERSION = YES;
				CLANG_WARN_DIRECT_OBJC_ISA_USAGE = YES_ERROR;
				CLANG_WARN_EMPTY_BODY = YES;
				CLANG_WARN_ENUM_CONVERSION = YES;
				CLANG_WARN_INT_CONVERSION = YES;
				CLANG_WARN_OBJC_ROOT_CLASS = YES_ERROR;
				CLANG_WARN_UNREACHABLE_CODE = YES;
				CLANG_WARN__DUPLICATE_METHOD_MATCH = YES;
				"CODE_SIGN_IDENTITY[sdk=iphoneos*]" = "iPhone Developer";
				COPY_PHASE_STRIP = YES;
				ENABLE_NS_ASSERTIONS = NO;
				ENABLE_STRICT_OBJC_MSGSEND = YES;
				GCC_C_LANGUAGE_STANDARD = gnu99;
				GCC_WARN_64_TO_32_BIT_CONVERSION = YES;
				GCC_WARN_ABOUT_RETURN_TYPE = YES_ERROR;
				GCC_WARN_UNDECLARED_SELECTOR = YES;
				GCC_WARN_UNINITIALIZED_AUTOS = YES_AGGRESSIVE;
				GCC_WARN_UNUSED_FUNCTION = YES;
				GCC_WARN_UNUSED_VARIABLE = YES;
				IPHONEOS_DEPLOYMENT_TARGET = 8.1;
				MTL_ENABLE_DEBUG_INFO = NO;
				SDKROOT = iphoneos;
				TARGETED_DEVICE_FAMILY = "1,2";
				VALIDATE_PRODUCT = YES;
			};
			name = Release;
		};
		1CE9B2A11AA1743900160D0B /* Debug */ = {
			isa = XCBuildConfiguration;
			buildSettings = {
				ASSETCATALOG_COMPILER_APPICON_NAME = AppIcon;
				FRAMEWORK_SEARCH_PATHS = (
					"$(inherited)",
					"$(PROJECT_DIR)",
				);
				INFOPLIST_FILE = "ND Event App/Info.plist";
				LD_RUNPATH_SEARCH_PATHS = "$(inherited) @executable_path/Frameworks";
				PRODUCT_NAME = "$(TARGET_NAME)";
			};
			name = Debug;
		};
		1CE9B2A21AA1743900160D0B /* Release */ = {
			isa = XCBuildConfiguration;
			buildSettings = {
				ASSETCATALOG_COMPILER_APPICON_NAME = AppIcon;
				FRAMEWORK_SEARCH_PATHS = (
					"$(inherited)",
					"$(PROJECT_DIR)",
				);
				INFOPLIST_FILE = "ND Event App/Info.plist";
				LD_RUNPATH_SEARCH_PATHS = "$(inherited) @executable_path/Frameworks";
				PRODUCT_NAME = "$(TARGET_NAME)";
			};
			name = Release;
		};
		1CE9B2A41AA1743900160D0B /* Debug */ = {
			isa = XCBuildConfiguration;
			buildSettings = {
				BUNDLE_LOADER = "$(TEST_HOST)";
				FRAMEWORK_SEARCH_PATHS = (
					"$(SDKROOT)/Developer/Library/Frameworks",
					"$(inherited)",
				);
				GCC_PREPROCESSOR_DEFINITIONS = (
					"DEBUG=1",
					"$(inherited)",
				);
				INFOPLIST_FILE = "ND Event AppTests/Info.plist";
				LD_RUNPATH_SEARCH_PATHS = "$(inherited) @executable_path/Frameworks @loader_path/Frameworks";
				PRODUCT_NAME = "$(TARGET_NAME)";
				TEST_HOST = "$(BUILT_PRODUCTS_DIR)/ND Event App.app/ND Event App";
			};
			name = Debug;
		};
		1CE9B2A51AA1743900160D0B /* Release */ = {
			isa = XCBuildConfiguration;
			buildSettings = {
				BUNDLE_LOADER = "$(TEST_HOST)";
				FRAMEWORK_SEARCH_PATHS = (
					"$(SDKROOT)/Developer/Library/Frameworks",
					"$(inherited)",
				);
				INFOPLIST_FILE = "ND Event AppTests/Info.plist";
				LD_RUNPATH_SEARCH_PATHS = "$(inherited) @executable_path/Frameworks @loader_path/Frameworks";
				PRODUCT_NAME = "$(TARGET_NAME)";
				TEST_HOST = "$(BUILT_PRODUCTS_DIR)/ND Event App.app/ND Event App";
			};
			name = Release;
		};
/* End XCBuildConfiguration section */

/* Begin XCConfigurationList section */
		1CE9B2781AA1743800160D0B /* Build configuration list for PBXProject "ND Event App" */ = {
			isa = XCConfigurationList;
			buildConfigurations = (
				1CE9B29E1AA1743900160D0B /* Debug */,
				1CE9B29F1AA1743900160D0B /* Release */,
			);
			defaultConfigurationIsVisible = 0;
			defaultConfigurationName = Release;
		};
		1CE9B2A01AA1743900160D0B /* Build configuration list for PBXNativeTarget "ND Event App" */ = {
			isa = XCConfigurationList;
			buildConfigurations = (
				1CE9B2A11AA1743900160D0B /* Debug */,
				1CE9B2A21AA1743900160D0B /* Release */,
			);
			defaultConfigurationIsVisible = 0;
			defaultConfigurationName = Release;
		};
		1CE9B2A31AA1743900160D0B /* Build configuration list for PBXNativeTarget "ND Event AppTests" */ = {
			isa = XCConfigurationList;
			buildConfigurations = (
				1CE9B2A41AA1743900160D0B /* Debug */,
				1CE9B2A51AA1743900160D0B /* Release */,
			);
			defaultConfigurationIsVisible = 0;
			defaultConfigurationName = Release;
		};
/* End XCConfigurationList section */
	};
	rootObject = 1CE9B2751AA1743800160D0B /* Project object */;
}
